// !$*UTF8*$!
{
	archiveVersion = 1;
	classes = {
	};
	objectVersion = 50;
	objects = {

/* Begin PBXBuildFile section */
		039AA8932144D6BC00F5F02A /* SettingsViewController.swift in Sources */ = {isa = PBXBuildFile; fileRef = 039AA8922144D6BC00F5F02A /* SettingsViewController.swift */; };
		03B4620E2140C8BA00A6232D /* AppDelegate.swift in Sources */ = {isa = PBXBuildFile; fileRef = 03B4620D2140C8BA00A6232D /* AppDelegate.swift */; };
		03B462102140C8BA00A6232D /* ViewController.swift in Sources */ = {isa = PBXBuildFile; fileRef = 03B4620F2140C8BA00A6232D /* ViewController.swift */; };
		03B462132140C8BA00A6232D /* Main.storyboard in Resources */ = {isa = PBXBuildFile; fileRef = 03B462112140C8BA00A6232D /* Main.storyboard */; };
		03B462152140C8BA00A6232D /* Assets.xcassets in Resources */ = {isa = PBXBuildFile; fileRef = 03B462142140C8BA00A6232D /* Assets.xcassets */; };
		03B462182140C8BA00A6232D /* LaunchScreen.storyboard in Resources */ = {isa = PBXBuildFile; fileRef = 03B462162140C8BA00A6232D /* LaunchScreen.storyboard */; };
		03B462232140C8BA00A6232D /* Tip_CalculatorTests.swift in Sources */ = {isa = PBXBuildFile; fileRef = 03B462222140C8BA00A6232D /* Tip_CalculatorTests.swift */; };
		03B4622E2140C8BA00A6232D /* Tip_CalculatorUITests.swift in Sources */ = {isa = PBXBuildFile; fileRef = 03B4622D2140C8BA00A6232D /* Tip_CalculatorUITests.swift */; };
/* End PBXBuildFile section */

/* Begin PBXContainerItemProxy section */
		03B4621F2140C8BA00A6232D /* PBXContainerItemProxy */ = {
			isa = PBXContainerItemProxy;
			containerPortal = 03B462022140C8BA00A6232D /* Project object */;
			proxyType = 1;
			remoteGlobalIDString = 03B462092140C8BA00A6232D;
			remoteInfo = "Tip Calculator";
		};
		03B4622A2140C8BA00A6232D /* PBXContainerItemProxy */ = {
			isa = PBXContainerItemProxy;
			containerPortal = 03B462022140C8BA00A6232D /* Project object */;
			proxyType = 1;
			remoteGlobalIDString = 03B462092140C8BA00A6232D;
			remoteInfo = "Tip Calculator";
		};
/* End PBXContainerItemProxy section */

/* Begin PBXFileReference section */
		039AA8922144D6BC00F5F02A /* SettingsViewController.swift */ = {isa = PBXFileReference; lastKnownFileType = sourcecode.swift; path = SettingsViewController.swift; sourceTree = "<group>"; };
		03B4620A2140C8BA00A6232D /* Tip Calculator.app */ = {isa = PBXFileReference; explicitFileType = wrapper.application; includeInIndex = 0; path = "Tip Calculator.app"; sourceTree = BUILT_PRODUCTS_DIR; };
		03B4620D2140C8BA00A6232D /* AppDelegate.swift */ = {isa = PBXFileReference; lastKnownFileType = sourcecode.swift; path = AppDelegate.swift; sourceTree = "<group>"; };
		03B4620F2140C8BA00A6232D /* ViewController.swift */ = {isa = PBXFileReference; lastKnownFileType = sourcecode.swift; path = ViewController.swift; sourceTree = "<group>"; };
		03B462122140C8BA00A6232D /* Base */ = {isa = PBXFileReference; lastKnownFileType = file.storyboard; name = Base; path = Base.lproj/Main.storyboard; sourceTree = "<group>"; };
		03B462142140C8BA00A6232D /* Assets.xcassets */ = {isa = PBXFileReference; lastKnownFileType = folder.assetcatalog; path = Assets.xcassets; sourceTree = "<group>"; };
		03B462172140C8BA00A6232D /* Base */ = {isa = PBXFileReference; lastKnownFileType = file.storyboard; name = Base; path = Base.lproj/LaunchScreen.storyboard; sourceTree = "<group>"; };
		03B462192140C8BA00A6232D /* Info.plist */ = {isa = PBXFileReference; lastKnownFileType = text.plist.xml; path = Info.plist; sourceTree = "<group>"; };
		03B4621E2140C8BA00A6232D /* Tip CalculatorTests.xctest */ = {isa = PBXFileReference; explicitFileType = wrapper.cfbundle; includeInIndex = 0; path = "Tip CalculatorTests.xctest"; sourceTree = BUILT_PRODUCTS_DIR; };
		03B462222140C8BA00A6232D /* Tip_CalculatorTests.swift */ = {isa = PBXFileReference; lastKnownFileType = sourcecode.swift; path = Tip_CalculatorTests.swift; sourceTree = "<group>"; };
		03B462242140C8BA00A6232D /* Info.plist */ = {isa = PBXFileReference; lastKnownFileType = text.plist.xml; path = Info.plist; sourceTree = "<group>"; };
		03B462292140C8BA00A6232D /* Tip CalculatorUITests.xctest */ = {isa = PBXFileReference; explicitFileType = wrapper.cfbundle; includeInIndex = 0; path = "Tip CalculatorUITests.xctest"; sourceTree = BUILT_PRODUCTS_DIR; };
		03B4622D2140C8BA00A6232D /* Tip_CalculatorUITests.swift */ = {isa = PBXFileReference; lastKnownFileType = sourcecode.swift; path = Tip_CalculatorUITests.swift; sourceTree = "<group>"; };
		03B4622F2140C8BA00A6232D /* Info.plist */ = {isa = PBXFileReference; lastKnownFileType = text.plist.xml; path = Info.plist; sourceTree = "<group>"; };
/* End PBXFileReference section */

/* Begin PBXFrameworksBuildPhase section */
		03B462072140C8BA00A6232D /* Frameworks */ = {
			isa = PBXFrameworksBuildPhase;
			buildActionMask = 2147483647;
			files = (
			);
			runOnlyForDeploymentPostprocessing = 0;
		};
		03B4621B2140C8BA00A6232D /* Frameworks */ = {
			isa = PBXFrameworksBuildPhase;
			buildActionMask = 2147483647;
			files = (
			);
			runOnlyForDeploymentPostprocessing = 0;
		};
		03B462262140C8BA00A6232D /* Frameworks */ = {
			isa = PBXFrameworksBuildPhase;
			buildActionMask = 2147483647;
			files = (
			);
			runOnlyForDeploymentPostprocessing = 0;
		};
/* End PBXFrameworksBuildPhase section */

/* Begin PBXGroup section */
		03B462012140C8BA00A6232D = {
			isa = PBXGroup;
			children = (
				03B4620C2140C8BA00A6232D /* Tip Calculator */,
				03B462212140C8BA00A6232D /* Tip CalculatorTests */,
				03B4622C2140C8BA00A6232D /* Tip CalculatorUITests */,
				03B4620B2140C8BA00A6232D /* Products */,
			);
			sourceTree = "<group>";
		};
		03B4620B2140C8BA00A6232D /* Products */ = {
			isa = PBXGroup;
			children = (
				03B4620A2140C8BA00A6232D /* Tip Calculator.app */,
				03B4621E2140C8BA00A6232D /* Tip CalculatorTests.xctest */,
				03B462292140C8BA00A6232D /* Tip CalculatorUITests.xctest */,
			);
			name = Products;
			sourceTree = "<group>";
		};
		03B4620C2140C8BA00A6232D /* Tip Calculator */ = {
			isa = PBXGroup;
			children = (
				03B4620D2140C8BA00A6232D /* AppDelegate.swift */,
				03B4620F2140C8BA00A6232D /* ViewController.swift */,
				03B462112140C8BA00A6232D /* Main.storyboard */,
				03B462142140C8BA00A6232D /* Assets.xcassets */,
				03B462162140C8BA00A6232D /* LaunchScreen.storyboard */,
				03B462192140C8BA00A6232D /* Info.plist */,
				039AA8922144D6BC00F5F02A /* SettingsViewController.swift */,
			);
			path = "Tip Calculator";
			sourceTree = "<group>";
		};
		03B462212140C8BA00A6232D /* Tip CalculatorTests */ = {
			isa = PBXGroup;
			children = (
				03B462222140C8BA00A6232D /* Tip_CalculatorTests.swift */,
				03B462242140C8BA00A6232D /* Info.plist */,
			);
			path = "Tip CalculatorTests";
			sourceTree = "<group>";
		};
		03B4622C2140C8BA00A6232D /* Tip CalculatorUITests */ = {
			isa = PBXGroup;
			children = (
				03B4622D2140C8BA00A6232D /* Tip_CalculatorUITests.swift */,
				03B4622F2140C8BA00A6232D /* Info.plist */,
			);
			path = "Tip CalculatorUITests";
			sourceTree = "<group>";
		};
/* End PBXGroup section */

/* Begin PBXNativeTarget section */
		03B462092140C8BA00A6232D /* Tip Calculator */ = {
			isa = PBXNativeTarget;
			buildConfigurationList = 03B462322140C8BA00A6232D /* Build configuration list for PBXNativeTarget "Tip Calculator" */;
			buildPhases = (
				03B462062140C8BA00A6232D /* Sources */,
				03B462072140C8BA00A6232D /* Frameworks */,
				03B462082140C8BA00A6232D /* Resources */,
			);
			buildRules = (
			);
			dependencies = (
			);
			name = "Tip Calculator";
			productName = "Tip Calculator";
			productReference = 03B4620A2140C8BA00A6232D /* Tip Calculator.app */;
			productType = "com.apple.product-type.application";
		};
		03B4621D2140C8BA00A6232D /* Tip CalculatorTests */ = {
			isa = PBXNativeTarget;
			buildConfigurationList = 03B462352140C8BA00A6232D /* Build configuration list for PBXNativeTarget "Tip CalculatorTests" */;
			buildPhases = (
				03B4621A2140C8BA00A6232D /* Sources */,
				03B4621B2140C8BA00A6232D /* Frameworks */,
				03B4621C2140C8BA00A6232D /* Resources */,
			);
			buildRules = (
			);
			dependencies = (
				03B462202140C8BA00A6232D /* PBXTargetDependency */,
			);
			name = "Tip CalculatorTests";
			productName = "Tip CalculatorTests";
			productReference = 03B4621E2140C8BA00A6232D /* Tip CalculatorTests.xctest */;
			productType = "com.apple.product-type.bundle.unit-test";
		};
		03B462282140C8BA00A6232D /* Tip CalculatorUITests */ = {
			isa = PBXNativeTarget;
			buildConfigurationList = 03B462382140C8BA00A6232D /* Build configuration list for PBXNativeTarget "Tip CalculatorUITests" */;
			buildPhases = (
				03B462252140C8BA00A6232D /* Sources */,
				03B462262140C8BA00A6232D /* Frameworks */,
				03B462272140C8BA00A6232D /* Resources */,
			);
			buildRules = (
			);
			dependencies = (
				03B4622B2140C8BA00A6232D /* PBXTargetDependency */,
			);
			name = "Tip CalculatorUITests";
			productName = "Tip CalculatorUITests";
			productReference = 03B462292140C8BA00A6232D /* Tip CalculatorUITests.xctest */;
			productType = "com.apple.product-type.bundle.ui-testing";
		};
/* End PBXNativeTarget section */

/* Begin PBXProject section */
		03B462022140C8BA00A6232D /* Project object */ = {
			isa = PBXProject;
			attributes = {
				LastSwiftUpdateCheck = 0940;
				LastUpgradeCheck = 0940;
				ORGANIZATIONNAME = "Baivab Pokhrel";
				TargetAttributes = {
					03B462092140C8BA00A6232D = {
						CreatedOnToolsVersion = 9.4.1;
					};
					03B4621D2140C8BA00A6232D = {
						CreatedOnToolsVersion = 9.4.1;
						TestTargetID = 03B462092140C8BA00A6232D;
					};
					03B462282140C8BA00A6232D = {
						CreatedOnToolsVersion = 9.4.1;
						TestTargetID = 03B462092140C8BA00A6232D;
					};
				};
			};
			buildConfigurationList = 03B462052140C8BA00A6232D /* Build configuration list for PBXProject "Tip Calculator" */;
			compatibilityVersion = "Xcode 9.3";
			developmentRegion = en;
			hasScannedForEncodings = 0;
			knownRegions = (
				en,
				Base,
			);
			mainGroup = 03B462012140C8BA00A6232D;
			productRefGroup = 03B4620B2140C8BA00A6232D /* Products */;
			projectDirPath = "";
			projectRoot = "";
			targets = (
				03B462092140C8BA00A6232D /* Tip Calculator */,
				03B4621D2140C8BA00A6232D /* Tip CalculatorTests */,
				03B462282140C8BA00A6232D /* Tip CalculatorUITests */,
			);
		};
/* End PBXProject section */

/* Begin PBXResourcesBuildPhase section */
		03B462082140C8BA00A6232D /* Resources */ = {
			isa = PBXResourcesBuildPhase;
			buildActionMask = 2147483647;
			files = (
				03B462182140C8BA00A6232D /* LaunchScreen.storyboard in Resources */,
				03B462152140C8BA00A6232D /* Assets.xcassets in Resources */,
				03B462132140C8BA00A6232D /* Main.storyboard in Resources */,
			);
			runOnlyForDeploymentPostprocessing = 0;
		};
		03B4621C2140C8BA00A6232D /* Resources */ = {
			isa = PBXResourcesBuildPhase;
			buildActionMask = 2147483647;
			files = (
			);
			runOnlyForDeploymentPostprocessing = 0;
		};
		03B462272140C8BA00A6232D /* Resources */ = {
			isa = PBXResourcesBuildPhase;
			buildActionMask = 2147483647;
			files = (
			);
			runOnlyForDeploymentPostprocessing = 0;
		};
/* End PBXResourcesBuildPhase section */

/* Begin PBXSourcesBuildPhase section */
		03B462062140C8BA00A6232D /* Sources */ = {
			isa = PBXSourcesBuildPhase;
			buildActionMask = 2147483647;
			files = (
				03B462102140C8BA00A6232D /* ViewController.swift in Sources */,
				03B4620E2140C8BA00A6232D /* AppDelegate.swift in Sources */,
				039AA8932144D6BC00F5F02A /* SettingsViewController.swift in Sources */,
			);
			runOnlyForDeploymentPostprocessing = 0;
		};
		03B4621A2140C8BA00A6232D /* Sources */ = {
			isa = PBXSourcesBuildPhase;
			buildActionMask = 2147483647;
			files = (
				03B462232140C8BA00A6232D /* Tip_CalculatorTests.swift in Sources */,
			);
			runOnlyForDeploymentPostprocessing = 0;
		};
		03B462252140C8BA00A6232D /* Sources */ = {
			isa = PBXSourcesBuildPhase;
			buildActionMask = 2147483647;
			files = (
				03B4622E2140C8BA00A6232D /* Tip_CalculatorUITests.swift in Sources */,
			);
			runOnlyForDeploymentPostprocessing = 0;
		};
/* End PBXSourcesBuildPhase section */

/* Begin PBXTargetDependency section */
		03B462202140C8BA00A6232D /* PBXTargetDependency */ = {
			isa = PBXTargetDependency;
			target = 03B462092140C8BA00A6232D /* Tip Calculator */;
			targetProxy = 03B4621F2140C8BA00A6232D /* PBXContainerItemProxy */;
		};
		03B4622B2140C8BA00A6232D /* PBXTargetDependency */ = {
			isa = PBXTargetDependency;
			target = 03B462092140C8BA00A6232D /* Tip Calculator */;
			targetProxy = 03B4622A2140C8BA00A6232D /* PBXContainerItemProxy */;
		};
/* End PBXTargetDependency section */

/* Begin PBXVariantGroup section */
		03B462112140C8BA00A6232D /* Main.storyboard */ = {
			isa = PBXVariantGroup;
			children = (
				03B462122140C8BA00A6232D /* Base */,
			);
			name = Main.storyboard;
			sourceTree = "<group>";
		};
		03B462162140C8BA00A6232D /* LaunchScreen.storyboard */ = {
			isa = PBXVariantGroup;
			children = (
				03B462172140C8BA00A6232D /* Base */,
			);
			name = LaunchScreen.storyboard;
			sourceTree = "<group>";
		};
/* End PBXVariantGroup section */

/* Begin XCBuildConfiguration section */
		03B462302140C8BA00A6232D /* Debug */ = {
			isa = XCBuildConfiguration;
			buildSettings = {
				ALWAYS_SEARCH_USER_PATHS = NO;
				CLANG_ANALYZER_NONNULL = YES;
				CLANG_ANALYZER_NUMBER_OBJECT_CONVERSION = YES_AGGRESSIVE;
				CLANG_CXX_LANGUAGE_STANDARD = "gnu++14";
				CLANG_CXX_LIBRARY = "libc++";
				CLANG_ENABLE_MODULES = YES;
				CLANG_ENABLE_OBJC_ARC = YES;
				CLANG_ENABLE_OBJC_WEAK = YES;
				CLANG_WARN_BLOCK_CAPTURE_AUTORELEASING = YES;
				CLANG_WARN_BOOL_CONVERSION = YES;
				CLANG_WARN_COMMA = YES;
				CLANG_WARN_CONSTANT_CONVERSION = YES;
				CLANG_WARN_DEPRECATED_OBJC_IMPLEMENTATIONS = YES;
				CLANG_WARN_DIRECT_OBJC_ISA_USAGE = YES_ERROR;
				CLANG_WARN_DOCUMENTATION_COMMENTS = YES;
				CLANG_WARN_EMPTY_BODY = YES;
				CLANG_WARN_ENUM_CONVERSION = YES;
				CLANG_WARN_INFINITE_RECURSION = YES;
				CLANG_WARN_INT_CONVERSION = YES;
				CLANG_WARN_NON_LITERAL_NULL_CONVERSION = YES;
				CLANG_WARN_OBJC_IMPLICIT_RETAIN_SELF = YES;
				CLANG_WARN_OBJC_LITERAL_CONVERSION = YES;
				CLANG_WARN_OBJC_ROOT_CLASS = YES_ERROR;
				CLANG_WARN_RANGE_LOOP_ANALYSIS = YES;
				CLANG_WARN_STRICT_PROTOTYPES = YES;
				CLANG_WARN_SUSPICIOUS_MOVE = YES;
				CLANG_WARN_UNGUARDED_AVAILABILITY = YES_AGGRESSIVE;
				CLANG_WARN_UNREACHABLE_CODE = YES;
				CLANG_WARN__DUPLICATE_METHOD_MATCH = YES;
				CODE_SIGN_IDENTITY = "iPhone Developer";
				COPY_PHASE_STRIP = NO;
				DEBUG_INFORMATION_FORMAT = dwarf;
				ENABLE_STRICT_OBJC_MSGSEND = YES;
				ENABLE_TESTABILITY = YES;
				GCC_C_LANGUAGE_STANDARD = gnu11;
				GCC_DYNAMIC_NO_PIC = NO;
				GCC_NO_COMMON_BLOCKS = YES;
				GCC_OPTIMIZATION_LEVEL = 0;
				GCC_PREPROCESSOR_DEFINITIONS = (
					"DEBUG=1",
					"$(inherited)",
				);
				GCC_WARN_64_TO_32_BIT_CONVERSION = YES;
				GCC_WARN_ABOUT_RETURN_TYPE = YES_ERROR;
				GCC_WARN_UNDECLARED_SELECTOR = YES;
				GCC_WARN_UNINITIALIZED_AUTOS = YES_AGGRESSIVE;
				GCC_WARN_UNUSED_FUNCTION = YES;
				GCC_WARN_UNUSED_VARIABLE = YES;
				IPHONEOS_DEPLOYMENT_TARGET = 11.4;
				MTL_ENABLE_DEBUG_INFO = YES;
				ONLY_ACTIVE_ARCH = YES;
				SDKROOT = iphoneos;
				SWIFT_ACTIVE_COMPILATION_CONDITIONS = DEBUG;
				SWIFT_OPTIMIZATION_LEVEL = "-Onone";
			};
			name = Debug;
		};
		03B462312140C8BA00A6232D /* Release */ = {
			isa = XCBuildConfiguration;
			buildSettings = {
				ALWAYS_SEARCH_USER_PATHS = NO;
				CLANG_ANALYZER_NONNULL = YES;
				CLANG_ANALYZER_NUMBER_OBJECT_CONVERSION = YES_AGGRESSIVE;
				CLANG_CXX_LANGUAGE_STANDARD = "gnu++14";
				CLANG_CXX_LIBRARY = "libc++";
				CLANG_ENABLE_MODULES = YES;
				CLANG_ENABLE_OBJC_ARC = YES;
				CLANG_ENABLE_OBJC_WEAK = YES;
				CLANG_WARN_BLOCK_CAPTURE_AUTORELEASING = YES;
				CLANG_WARN_BOOL_CONVERSION = YES;
				CLANG_WARN_COMMA = YES;
				CLANG_WARN_CONSTANT_CONVERSION = YES;
				CLANG_WARN_DEPRECATED_OBJC_IMPLEMENTATIONS = YES;
				CLANG_WARN_DIRECT_OBJC_ISA_USAGE = YES_ERROR;
				CLANG_WARN_DOCUMENTATION_COMMENTS = YES;
				CLANG_WARN_EMPTY_BODY = YES;
				CLANG_WARN_ENUM_CONVERSION = YES;
				CLANG_WARN_INFINITE_RECURSION = YES;
				CLANG_WARN_INT_CONVERSION = YES;
				CLANG_WARN_NON_LITERAL_NULL_CONVERSION = YES;
				CLANG_WARN_OBJC_IMPLICIT_RETAIN_SELF = YES;
				CLANG_WARN_OBJC_LITERAL_CONVERSION = YES;
				CLANG_WARN_OBJC_ROOT_CLASS = YES_ERROR;
				CLANG_WARN_RANGE_LOOP_ANALYSIS = YES;
				CLANG_WARN_STRICT_PROTOTYPES = YES;
				CLANG_WARN_SUSPICIOUS_MOVE = YES;
				CLANG_WARN_UNGUARDED_AVAILABILITY = YES_AGGRESSIVE;
				CLANG_WARN_UNREACHABLE_CODE = YES;
				CLANG_WARN__DUPLICATE_METHOD_MATCH = YES;
				CODE_SIGN_IDENTITY = "iPhone Developer";
				COPY_PHASE_STRIP = NO;
				DEBUG_INFORMATION_FORMAT = "dwarf-with-dsym";
				ENABLE_NS_ASSERTIONS = NO;
				ENABLE_STRICT_OBJC_MSGSEND = YES;
				GCC_C_LANGUAGE_STANDARD = gnu11;
				GCC_NO_COMMON_BLOCKS = YES;
				GCC_WARN_64_TO_32_BIT_CONVERSION = YES;
				GCC_WARN_ABOUT_RETURN_TYPE = YES_ERROR;
				GCC_WARN_UNDECLARED_SELECTOR = YES;
				GCC_WARN_UNINITIALIZED_AUTOS = YES_AGGRESSIVE;
				GCC_WARN_UNUSED_FUNCTION = YES;
				GCC_WARN_UNUSED_VARIABLE = YES;
				IPHONEOS_DEPLOYMENT_TARGET = 11.4;
				MTL_ENABLE_DEBUG_INFO = NO;
				SDKROOT = iphoneos;
				SWIFT_COMPILATION_MODE = wholemodule;
				SWIFT_OPTIMIZATION_LEVEL = "-O";
				VALIDATE_PRODUCT = YES;
			};
			name = Release;
		};
		03B462332140C8BA00A6232D /* Debug */ = {
			isa = XCBuildConfiguration;
			buildSettings = {
				ASSETCATALOG_COMPILER_APPICON_NAME = AppIcon;
				CODE_SIGN_STYLE = Automatic;
				DEVELOPMENT_TEAM = 4L6J5955R4;
				INFOPLIST_FILE = "Tip Calculator/Info.plist";
				LD_RUNPATH_SEARCH_PATHS = (
					"$(inherited)",
					"@executable_path/Frameworks",
				);
				PRODUCT_BUNDLE_IDENTIFIER = "com.Baivab-Pokhrel.Tip-Calculator";
				PRODUCT_NAME = "$(TARGET_NAME)";
				SWIFT_VERSION = 4.0;
				TARGETED_DEVICE_FAMILY = "1,2";
			};
			name = Debug;
		};
		03B462342140C8BA00A6232D /* Release */ = {
			isa = XCBuildConfiguration;
			buildSettings = {
				ASSETCATALOG_COMPILER_APPICON_NAME = AppIcon;
				CODE_SIGN_STYLE = Automatic;
				DEVELOPMENT_TEAM = 4L6J5955R4;
				INFOPLIST_FILE = "Tip Calculator/Info.plist";
				LD_RUNPATH_SEARCH_PATHS = (
					"$(inherited)",
					"@executable_path/Frameworks",
				);
				PRODUCT_BUNDLE_IDENTIFIER = "com.Baivab-Pokhrel.Tip-Calculator";
				PRODUCT_NAME = "$(TARGET_NAME)";
				SWIFT_VERSION = 4.0;
				TARGETED_DEVICE_FAMILY = "1,2";
			};
			name = Release;
		};
		03B462362140C8BA00A6232D /* Debug */ = {
			isa = XCBuildConfiguration;
			buildSettings = {
				ALWAYS_EMBED_SWIFT_STANDARD_LIBRARIES = YES;
				BUNDLE_LOADER = "$(TEST_HOST)";
				CODE_SIGN_STYLE = Automatic;
				DEVELOPMENT_TEAM = 4L6J5955R4;
				INFOPLIST_FILE = "Tip CalculatorTests/Info.plist";
				LD_RUNPATH_SEARCH_PATHS = (
					"$(inherited)",
					"@executable_path/Frameworks",
					"@loader_path/Frameworks",
				);
				PRODUCT_BUNDLE_IDENTIFIER = "com.Baivab-Pokhrel.Tip-CalculatorTests";
				PRODUCT_NAME = "$(TARGET_NAME)";
				SWIFT_VERSION = 4.0;
				TARGETED_DEVICE_FAMILY = "1,2";
				TEST_HOST = "$(BUILT_PRODUCTS_DIR)/Tip Calculator.app/Tip Calculator";
			};
			name = Debug;
		};
		03B462372140C8BA00A6232D /* Release */ = {
			isa = XCBuildConfiguration;
			buildSettings = {
				ALWAYS_EMBED_SWIFT_STANDARD_LIBRARIES = YES;
				BUNDLE_LOADER = "$(TEST_HOST)";
				CODE_SIGN_STYLE = Automatic;
				DEVELOPMENT_TEAM = 4L6J5955R4;
				INFOPLIST_FILE = "Tip CalculatorTests/Info.plist";
				LD_RUNPATH_SEARCH_PATHS = (
					"$(inherited)",
					"@executable_path/Frameworks",
					"@loader_path/Frameworks",
				);
				PRODUCT_BUNDLE_IDENTIFIER = "com.Baivab-Pokhrel.Tip-CalculatorTests";
				PRODUCT_NAME = "$(TARGET_NAME)";
				SWIFT_VERSION = 4.0;
				TARGETED_DEVICE_FAMILY = "1,2";
				TEST_HOST = "$(BUILT_PRODUCTS_DIR)/Tip Calculator.app/Tip Calculator";
			};
			name = Release;
		};
		03B462392140C8BA00A6232D /* Debug */ = {
			isa = XCBuildConfiguration;
			buildSettings = {
				ALWAYS_EMBED_SWIFT_STANDARD_LIBRARIES = YES;
				CODE_SIGN_STYLE = Automatic;
				DEVELOPMENT_TEAM = 4L6J5955R4;
				INFOPLIST_FILE = "Tip CalculatorUITests/Info.plist";
				LD_RUNPATH_SEARCH_PATHS = (
					"$(inherited)",
					"@executable_path/Frameworks",
					"@loader_path/Frameworks",
				);
				PRODUCT_BUNDLE_IDENTIFIER = "com.Baivab-Pokhrel.Tip-CalculatorUITests";
				PRODUCT_NAME = "$(TARGET_NAME)";
				SWIFT_VERSION = 4.0;
				TARGETED_DEVICE_FAMILY = "1,2";
				TEST_TARGET_NAME = "Tip Calculator";
			};
			name = Debug;
		};
		03B4623A2140C8BA00A6232D /* Release */ = {
			isa = XCBuildConfiguration;
			buildSettings = {
				ALWAYS_EMBED_SWIFT_STANDARD_LIBRARIES = YES;
				CODE_SIGN_STYLE = Automatic;
				DEVELOPMENT_TEAM = 4L6J5955R4;
				INFOPLIST_FILE = "Tip CalculatorUITests/Info.plist";
				LD_RUNPATH_SEARCH_PATHS = (
					"$(inherited)",
					"@executable_path/Frameworks",
					"@loader_path/Frameworks",
				);
				PRODUCT_BUNDLE_IDENTIFIER = "com.Baivab-Pokhrel.Tip-CalculatorUITests";
				PRODUCT_NAME = "$(TARGET_NAME)";
				SWIFT_VERSION = 4.0;
				TARGETED_DEVICE_FAMILY = "1,2";
				TEST_TARGET_NAME = "Tip Calculator";
			};
			name = Release;
		};
/* End XCBuildConfiguration section */

/* Begin XCConfigurationList section */
		03B462052140C8BA00A6232D /* Build configuration list for PBXProject "Tip Calculator" */ = {
			isa = XCConfigurationList;
			buildConfigurations = (
				03B462302140C8BA00A6232D /* Debug */,
				03B462312140C8BA00A6232D /* Release */,
			);
			defaultConfigurationIsVisible = 0;
			defaultConfigurationName = Release;
		};
		03B462322140C8BA00A6232D /* Build configuration list for PBXNativeTarget "Tip Calculator" */ = {
			isa = XCConfigurationList;
			buildConfigurations = (
				03B462332140C8BA00A6232D /* Debug */,
				03B462342140C8BA00A6232D /* Release */,
			);
			defaultConfigurationIsVisible = 0;
			defaultConfigurationName = Release;
		};
		03B462352140C8BA00A6232D /* Build configuration list for PBXNativeTarget "Tip CalculatorTests" */ = {
			isa = XCConfigurationList;
			buildConfigurations = (
				03B462362140C8BA00A6232D /* Debug */,
				03B462372140C8BA00A6232D /* Release */,
			);
			defaultConfigurationIsVisible = 0;
			defaultConfigurationName = Release;
		};
		03B462382140C8BA00A6232D /* Build configuration list for PBXNativeTarget "Tip CalculatorUITests" */ = {
			isa = XCConfigurationList;
			buildConfigurations = (
				03B462392140C8BA00A6232D /* Debug */,
				03B4623A2140C8BA00A6232D /* Release */,
			);
			defaultConfigurationIsVisible = 0;
			defaultConfigurationName = Release;
		};
/* End XCConfigurationList section */
	};
	rootObject = 03B462022140C8BA00A6232D /* Project object */;
}
